
Microsoft Visual Studio Solution File, Format Version 12.00
# Visual Studio Version 16
VisualStudioVersion = 16.0.30114.105
MinimumVisualStudioVersion = 10.0.40219.1
Project("{FAE04EC0-301F-11D3-BF4B-00C04F79EFBC}") = "AnimalRestService", "AnimalRestService\AnimalRestService.csproj", "{AC24D7AE-B59B-45CD-B01E-337676393CF3}"
EndProject
Project("{FAE04EC0-301F-11D3-BF4B-00C04F79EFBC}") = "AnimalRestClient", "AnimalRestClient\AnimalRestClient.csproj", "{B2C27E22-87BB-4F3F-B4BC-0DDEB6ACDD24}"
EndProject
Global
	GlobalSection(SolutionConfigurationPlatforms) = preSolution
		Debug|Any CPU = Debug|Any CPU
		Release|Any CPU = Release|Any CPU
	EndGlobalSection
	GlobalSection(ProjectConfigurationPlatforms) = postSolution
		{AC24D7AE-B59B-45CD-B01E-337676393CF3}.Debug|Any CPU.ActiveCfg = Debug|Any CPU
		{AC24D7AE-B59B-45CD-B01E-337676393CF3}.Debug|Any CPU.Build.0 = Debug|Any CPU
		{AC24D7AE-B59B-45CD-B01E-337676393CF3}.Release|Any CPU.ActiveCfg = Release|Any CPU
		{AC24D7AE-B59B-45CD-B01E-337676393CF3}.Release|Any CPU.Build.0 = Release|Any CPU
		{B2C27E22-87BB-4F3F-B4BC-0DDEB6ACDD24}.Debug|Any CPU.ActiveCfg = Debug|Any CPU
		{B2C27E22-87BB-4F3F-B4BC-0DDEB6ACDD24}.Debug|Any CPU.Build.0 = Debug|Any CPU
		{B2C27E22-87BB-4F3F-B4BC-0DDEB6ACDD24}.Release|Any CPU.ActiveCfg = Release|Any CPU
		{B2C27E22-87BB-4F3F-B4BC-0DDEB6ACDD24}.Release|Any CPU.Build.0 = Release|Any CPU
	EndGlobalSection
	GlobalSection(SolutionProperties) = preSolution
		HideSolutionNode = FALSE
	EndGlobalSection
	GlobalSection(ExtensibilityGlobals) = postSolution
		SolutionGuid = {4AB2EAA3-96C6-4441-9FBC-F9900502604E}
	EndGlobalSection
EndGlobal
